
Microsoft Visual Studio Solution File, Format Version 12.00
# Visual Studio 15
VisualStudioVersion = 15.0.27703.2047
MinimumVisualStudioVersion = 10.0.40219.1
Project("{FAE04EC0-301F-11D3-BF4B-00C04F79EFBC}") = "Ejercicio 57", "Ejercicio 57\Ejercicio 57.csproj", "{DDD46DC7-82AE-45AD-B48E-C52014EC3A1D}"
EndProject
Global
	GlobalSection(SolutionConfigurationPlatforms) = preSolution
		Debug|Any CPU = Debug|Any CPU
		Release|Any CPU = Release|Any CPU
	EndGlobalSection
	GlobalSection(ProjectConfigurationPlatforms) = postSolution
		{DDD46DC7-82AE-45AD-B48E-C52014EC3A1D}.Debug|Any CPU.ActiveCfg = Debug|Any CPU
		{DDD46DC7-82AE-45AD-B48E-C52014EC3A1D}.Debug|Any CPU.Build.0 = Debug|Any CPU
		{DDD46DC7-82AE-45AD-B48E-C52014EC3A1D}.Release|Any CPU.ActiveCfg = Release|Any CPU
		{DDD46DC7-82AE-45AD-B48E-C52014EC3A1D}.Release|Any CPU.Build.0 = Release|Any CPU
	EndGlobalSection
	GlobalSection(SolutionProperties) = preSolution
		HideSolutionNode = FALSE
	EndGlobalSection
	GlobalSection(ExtensibilityGlobals) = postSolution
		SolutionGuid = {961672BF-8ED2-4594-8206-8E213FD60A82}
	EndGlobalSection
EndGlobal
