
Microsoft Visual Studio Solution File, Format Version 12.00
# Visual Studio Express 15 for Windows Desktop
VisualStudioVersion = 15.0.28010.2016
MinimumVisualStudioVersion = 10.0.40219.1
Project("{FAE04EC0-301F-11D3-BF4B-00C04F79EFBC}") = "Entidades", "Entidades\Entidades.csproj", "{AB6FAF46-275C-42C1-A452-B8EB496346E5}"
EndProject
Project("{FAE04EC0-301F-11D3-BF4B-00C04F79EFBC}") = "Consola", "Consola\Consola.csproj", "{729A75B5-D83C-4232-A368-11C580C61CD6}"
EndProject
Global
	GlobalSection(SolutionConfigurationPlatforms) = preSolution
		Debug|Any CPU = Debug|Any CPU
		Release|Any CPU = Release|Any CPU
	EndGlobalSection
	GlobalSection(ProjectConfigurationPlatforms) = postSolution
		{AB6FAF46-275C-42C1-A452-B8EB496346E5}.Debug|Any CPU.ActiveCfg = Debug|Any CPU
		{AB6FAF46-275C-42C1-A452-B8EB496346E5}.Debug|Any CPU.Build.0 = Debug|Any CPU
		{AB6FAF46-275C-42C1-A452-B8EB496346E5}.Release|Any CPU.ActiveCfg = Release|Any CPU
		{AB6FAF46-275C-42C1-A452-B8EB496346E5}.Release|Any CPU.Build.0 = Release|Any CPU
		{729A75B5-D83C-4232-A368-11C580C61CD6}.Debug|Any CPU.ActiveCfg = Debug|Any CPU
		{729A75B5-D83C-4232-A368-11C580C61CD6}.Debug|Any CPU.Build.0 = Debug|Any CPU
		{729A75B5-D83C-4232-A368-11C580C61CD6}.Release|Any CPU.ActiveCfg = Release|Any CPU
		{729A75B5-D83C-4232-A368-11C580C61CD6}.Release|Any CPU.Build.0 = Release|Any CPU
	EndGlobalSection
	GlobalSection(SolutionProperties) = preSolution
		HideSolutionNode = FALSE
	EndGlobalSection
	GlobalSection(ExtensibilityGlobals) = postSolution
		SolutionGuid = {13500804-B178-4DCA-AA80-553893D605C0}
	EndGlobalSection
EndGlobal
