
Microsoft Visual Studio Solution File, Format Version 12.00
# Visual Studio Express 15 for Windows Desktop
VisualStudioVersion = 15.0.28010.2050
MinimumVisualStudioVersion = 10.0.40219.1
Project("{FAE04EC0-301F-11D3-BF4B-00C04F79EFBC}") = "Ejercicio 67", "Ejercicio 67\Ejercicio 67.csproj", "{3840D91B-59FE-479B-90C6-14756C37934C}"
EndProject
Global
	GlobalSection(SolutionConfigurationPlatforms) = preSolution
		Debug|Any CPU = Debug|Any CPU
		Release|Any CPU = Release|Any CPU
	EndGlobalSection
	GlobalSection(ProjectConfigurationPlatforms) = postSolution
		{3840D91B-59FE-479B-90C6-14756C37934C}.Debug|Any CPU.ActiveCfg = Debug|Any CPU
		{3840D91B-59FE-479B-90C6-14756C37934C}.Debug|Any CPU.Build.0 = Debug|Any CPU
		{3840D91B-59FE-479B-90C6-14756C37934C}.Release|Any CPU.ActiveCfg = Release|Any CPU
		{3840D91B-59FE-479B-90C6-14756C37934C}.Release|Any CPU.Build.0 = Release|Any CPU
	EndGlobalSection
	GlobalSection(SolutionProperties) = preSolution
		HideSolutionNode = FALSE
	EndGlobalSection
	GlobalSection(ExtensibilityGlobals) = postSolution
		SolutionGuid = {FB9137D6-9823-4D63-A3F8-683794F36F16}
	EndGlobalSection
EndGlobal
