
Microsoft Visual Studio Solution File, Format Version 12.00
# Visual Studio Express 15 for Windows Desktop
VisualStudioVersion = 15.0.28010.2050
MinimumVisualStudioVersion = 10.0.40219.1
Project("{FAE04EC0-301F-11D3-BF4B-00C04F79EFBC}") = "Ejercicio 64", "Ejercicio 64\Ejercicio 64.csproj", "{03529D29-EACA-4C17-9FB6-8696998401A5}"
EndProject
Global
	GlobalSection(SolutionConfigurationPlatforms) = preSolution
		Debug|Any CPU = Debug|Any CPU
		Release|Any CPU = Release|Any CPU
	EndGlobalSection
	GlobalSection(ProjectConfigurationPlatforms) = postSolution
		{03529D29-EACA-4C17-9FB6-8696998401A5}.Debug|Any CPU.ActiveCfg = Debug|Any CPU
		{03529D29-EACA-4C17-9FB6-8696998401A5}.Debug|Any CPU.Build.0 = Debug|Any CPU
		{03529D29-EACA-4C17-9FB6-8696998401A5}.Release|Any CPU.ActiveCfg = Release|Any CPU
		{03529D29-EACA-4C17-9FB6-8696998401A5}.Release|Any CPU.Build.0 = Release|Any CPU
	EndGlobalSection
	GlobalSection(SolutionProperties) = preSolution
		HideSolutionNode = FALSE
	EndGlobalSection
	GlobalSection(ExtensibilityGlobals) = postSolution
		SolutionGuid = {0B9540E6-3146-40A9-9186-07C321572A16}
	EndGlobalSection
EndGlobal
